{
  "nodes": {
    "Hyprspace": {
      "inputs": {
        "hyprland": [
          "hyprland"
        ],
        "systems": "systems"
      },
      "locked": {
        "lastModified": 1740777046,
        "narHash": "sha256-hPp+DnTYjE6M9Mdau7inbqMeLR1SpSPVyuxd+nabwaA=",
        "owner": "KZDKM",
        "repo": "Hyprspace",
        "rev": "b5c8adb16f4729572c67883da1bcb46e11f195d6",
        "type": "github"
      },
      "original": {
        "owner": "KZDKM",
        "repo": "Hyprspace",
        "type": "github"
      }
    },
    "ags": {
      "inputs": {
        "astal": "astal",
        "nixpkgs": [
          "hyprshell",
          "nixpkgs"
        ]
      },
      "locked": {
        "lastModified": 1731590200,
        "narHash": "sha256-fLJNq7MWHP3pSSa4kxZ4fz+Mw0THT+dGqnJyGY5Gb1Y=",
        "owner": "aylur",
        "repo": "ags",
        "rev": "d8c2748d231464f40e62bafbdc87298b566aa026",
        "type": "github"
      },
      "original": {
        "owner": "aylur",
        "repo": "ags",
        "type": "github"
      }
    },
    "ags_2": {
      "inputs": {
        "astal": "astal_2",
        "nixpkgs": [
          "marble-shell",
          "nixpkgs"
        ]
      },
      "locked": {
        "lastModified": 1735485506,
        "narHash": "sha256-7CWr3Q83KnGiLUn0oaboafLMOXQ0X9/fjFRVY1xopbM=",
        "owner": "aylur",
        "repo": "ags",
        "rev": "251d39413543264361898b02035775aa3e46fe52",
        "type": "github"
      },
      "original": {
        "owner": "aylur",
        "repo": "ags",
        "type": "github"
      }
    },
    "aquamarine": {
      "inputs": {
        "hyprutils": [
          "hyprland",
          "hyprutils"
        ],
        "hyprwayland-scanner": [
          "hyprland",
          "hyprwayland-scanner"
        ],
        "nixpkgs": [
          "hyprland",
          "nixpkgs"
        ],
        "systems": [
          "hyprland",
          "systems"
        ]
      },
      "locked": {
        "lastModified": 1739298463,
        "narHash": "sha256-oAFv9jKwwA7d7384d2LeywDSgwhvb3ZnrwbfoWPhXsI=",
        "owner": "hyprwm",
        "repo": "aquamarine",
        "rev": "f239e5aadd6d23c48e085c2de3397e2058e54d16",
        "type": "github"
      },
      "original": {
        "owner": "hyprwm",
        "repo": "aquamarine",
        "type": "github"
      }
    },
    "astal": {
      "inputs": {
        "nixpkgs": [
          "hyprshell",
          "ags",
          "nixpkgs"
        ]
      },
      "locked": {
        "lastModified": 1731533099,
        "narHash": "sha256-q0JcigMAoz3bJqCJwms5mR2de5J1Cw5NgjCev+2ylDA=",
        "owner": "aylur",
        "repo": "astal",
        "rev": "f7cfc8eb77a395373bf40f83b0d779ece34a6108",
        "type": "github"
      },
      "original": {
        "owner": "aylur",
        "repo": "astal",
        "type": "github"
      }
    },
    "astal_2": {
      "inputs": {
        "nixpkgs": [
          "marble-shell",
          "ags",
          "nixpkgs"
        ]
      },
      "locked": {
        "lastModified": 1735576092,
        "narHash": "sha256-fxj82J3BHVaxUG1/umATdyeLq4xiw2DowJo3g3EeYl4=",
        "owner": "aylur",
        "repo": "astal",
        "rev": "ce9ba0d07b44c52700fef44ea6c9cbad33c3fe44",
        "type": "github"
      },
      "original": {
        "owner": "aylur",
        "repo": "astal",
        "type": "github"
      }
    },
    "base16": {
      "inputs": {
        "fromYaml": "fromYaml"
      },
      "locked": {
        "lastModified": 1732200724,
        "narHash": "sha256-+R1BH5wHhfnycySb7Sy5KbYEaTJZWm1h+LW1OtyhiTs=",
        "owner": "SenchoPens",
        "repo": "base16.nix",
        "rev": "153d52373b0fb2d343592871009a286ec8837aec",
        "type": "github"
      },
      "original": {
        "owner": "SenchoPens",
        "repo": "base16.nix",
        "type": "github"
      }
    },
    "base16-fish": {
      "flake": false,
      "locked": {
        "lastModified": 1622559957,
        "narHash": "sha256-PebymhVYbL8trDVVXxCvZgc0S5VxI7I1Hv4RMSquTpA=",
        "owner": "tomyun",
        "repo": "base16-fish",
        "rev": "2f6dd973a9075dabccd26f1cded09508180bf5fe",
        "type": "github"
      },
      "original": {
        "owner": "tomyun",
        "repo": "base16-fish",
        "type": "github"
      }
    },
    "base16-helix": {
      "flake": false,
      "locked": {
        "lastModified": 1736852337,
        "narHash": "sha256-esD42YdgLlEh7koBrSqcT7p2fsMctPAcGl/+2sYJa2o=",
        "owner": "tinted-theming",
        "repo": "base16-helix",
        "rev": "03860521c40b0b9c04818f2218d9cc9efc21e7a5",
        "type": "github"
      },
      "original": {
        "owner": "tinted-theming",
        "repo": "base16-helix",
        "type": "github"
      }
    },
    "base16-vim": {
      "flake": false,
      "locked": {
        "lastModified": 1732806396,
        "narHash": "sha256-e0bpPySdJf0F68Ndanwm+KWHgQiZ0s7liLhvJSWDNsA=",
        "owner": "tinted-theming",
        "repo": "base16-vim",
        "rev": "577fe8125d74ff456cf942c733a85d769afe58b7",
        "type": "github"
      },
      "original": {
        "owner": "tinted-theming",
        "repo": "base16-vim",
        "rev": "577fe8125d74ff456cf942c733a85d769afe58b7",
        "type": "github"
      }
    },
    "color-schemes": {
      "flake": false,
      "locked": {
        "lastModified": 1731411556,
        "narHash": "sha256-Tp1BpaF5qRav7O2TsSGjCfgRzhiasu4IuwROR66gz1o=",
        "owner": "andre-brandao",
        "repo": "color-schemes",
        "rev": "61058a8d2e2bd4482b53d57a68feb56cdb991f0b",
        "type": "github"
      },
      "original": {
        "owner": "andre-brandao",
        "repo": "color-schemes",
        "type": "github"
      }
    },
    "firefox-gnome-theme": {
      "flake": false,
      "locked": {
        "lastModified": 1739223196,
        "narHash": "sha256-vAxN2f3rvl5q62gQQjZGVSvF93nAsOxntuFz+e/655w=",
        "owner": "rafaelmardojai",
        "repo": "firefox-gnome-theme",
        "rev": "a89108e6272426f4eddd93ba17d0ea101c34fb21",
        "type": "github"
      },
      "original": {
        "owner": "rafaelmardojai",
        "repo": "firefox-gnome-theme",
        "type": "github"
      }
    },
    "flake-compat": {
      "flake": false,
      "locked": {
        "lastModified": 1696426674,
        "narHash": "sha256-kvjfFW7WAETZlt09AgDn1MrtKzP7t90Vf7vypd3OL1U=",
        "owner": "edolstra",
        "repo": "flake-compat",
        "rev": "0f9255e01c2351cc7d116c072cb317785dd33b33",
        "type": "github"
      },
      "original": {
        "owner": "edolstra",
        "repo": "flake-compat",
        "type": "github"
      }
    },
    "flake-compat_2": {
      "flake": false,
      "locked": {
        "lastModified": 1733328505,
        "narHash": "sha256-NeCCThCEP3eCl2l/+27kNNK7QrwZB1IJCrXfrbv5oqU=",
        "owner": "edolstra",
        "repo": "flake-compat",
        "rev": "ff81ac966bb2cae68946d5ed5fc4994f96d0ffec",
        "type": "github"
      },
      "original": {
        "owner": "edolstra",
        "repo": "flake-compat",
        "type": "github"
      }
    },
    "flake-compat_3": {
      "flake": false,
      "locked": {
        "lastModified": 1733328505,
        "narHash": "sha256-NeCCThCEP3eCl2l/+27kNNK7QrwZB1IJCrXfrbv5oqU=",
        "owner": "edolstra",
        "repo": "flake-compat",
        "rev": "ff81ac966bb2cae68946d5ed5fc4994f96d0ffec",
        "type": "github"
      },
      "original": {
        "owner": "edolstra",
        "repo": "flake-compat",
        "type": "github"
      }
    },
    "flake-utils": {
      "inputs": {
        "systems": [
          "stylix",
          "systems"
        ]
      },
      "locked": {
        "lastModified": 1731533236,
        "narHash": "sha256-l0KFg5HjrsfsO/JpG+r7fRrqm12kzFHyUHqHCVpMMbI=",
        "owner": "numtide",
        "repo": "flake-utils",
        "rev": "11707dc2f618dd54ca8739b309ec4fc024de578b",
        "type": "github"
      },
      "original": {
        "owner": "numtide",
        "repo": "flake-utils",
        "type": "github"
      }
    },
    "fromYaml": {
      "flake": false,
      "locked": {
        "lastModified": 1731966426,
        "narHash": "sha256-lq95WydhbUTWig/JpqiB7oViTcHFP8Lv41IGtayokA8=",
        "owner": "SenchoPens",
        "repo": "fromYaml",
        "rev": "106af9e2f715e2d828df706c386a685698f3223b",
        "type": "github"
      },
      "original": {
        "owner": "SenchoPens",
        "repo": "fromYaml",
        "type": "github"
      }
    },
    "git-hooks": {
      "inputs": {
        "flake-compat": [
          "stylix",
          "flake-compat"
        ],
        "gitignore": "gitignore_2",
        "nixpkgs": [
          "stylix",
          "nixpkgs"
        ]
      },
      "locked": {
        "lastModified": 1737465171,
        "narHash": "sha256-R10v2hoJRLq8jcL4syVFag7nIGE7m13qO48wRIukWNg=",
        "owner": "cachix",
        "repo": "git-hooks.nix",
        "rev": "9364dc02281ce2d37a1f55b6e51f7c0f65a75f17",
        "type": "github"
      },
      "original": {
        "owner": "cachix",
        "repo": "git-hooks.nix",
        "type": "github"
      }
    },
    "gitignore": {
      "inputs": {
        "nixpkgs": [
          "hyprland",
          "pre-commit-hooks",
          "nixpkgs"
        ]
      },
      "locked": {
        "lastModified": 1709087332,
        "narHash": "sha256-HG2cCnktfHsKV0s4XW83gU3F57gaTljL9KNSuG6bnQs=",
        "owner": "hercules-ci",
        "repo": "gitignore.nix",
        "rev": "637db329424fd7e46cf4185293b9cc8c88c95394",
        "type": "github"
      },
      "original": {
        "owner": "hercules-ci",
        "repo": "gitignore.nix",
        "type": "github"
      }
    },
    "gitignore_2": {
      "inputs": {
        "nixpkgs": [
          "stylix",
          "git-hooks",
          "nixpkgs"
        ]
      },
      "locked": {
        "lastModified": 1709087332,
        "narHash": "sha256-HG2cCnktfHsKV0s4XW83gU3F57gaTljL9KNSuG6bnQs=",
        "owner": "hercules-ci",
        "repo": "gitignore.nix",
        "rev": "637db329424fd7e46cf4185293b9cc8c88c95394",
        "type": "github"
      },
      "original": {
        "owner": "hercules-ci",
        "repo": "gitignore.nix",
        "type": "github"
      }
    },
    "gnome-shell": {
      "flake": false,
      "locked": {
        "lastModified": 1732369855,
        "narHash": "sha256-JhUWbcYPjHO3Xs3x9/Z9RuqXbcp5yhPluGjwsdE2GMg=",
        "owner": "GNOME",
        "repo": "gnome-shell",
        "rev": "dadd58f630eeea41d645ee225a63f719390829dc",
        "type": "github"
      },
      "original": {
        "owner": "GNOME",
        "ref": "47.2",
        "repo": "gnome-shell",
        "type": "github"
      }
    },
    "home-manager": {
      "inputs": {
        "nixpkgs": [
          "nixpkgs"
        ]
      },
      "locked": {
        "lastModified": 1739757849,
        "narHash": "sha256-Gs076ot1YuAAsYVcyidLKUMIc4ooOaRGO0PqTY7sBzA=",
        "owner": "nix-community",
        "repo": "home-manager",
        "rev": "9d3d080aec2a35e05a15cedd281c2384767c2cfe",
        "type": "github"
      },
      "original": {
        "owner": "nix-community",
        "ref": "release-24.11",
        "repo": "home-manager",
        "type": "github"
      }
    },
    "home-manager_2": {
      "inputs": {
        "nixpkgs": [
          "stylix",
          "nixpkgs"
        ]
      },
      "locked": {
        "lastModified": 1739757849,
        "narHash": "sha256-Gs076ot1YuAAsYVcyidLKUMIc4ooOaRGO0PqTY7sBzA=",
        "owner": "nix-community",
        "repo": "home-manager",
        "rev": "9d3d080aec2a35e05a15cedd281c2384767c2cfe",
        "type": "github"
      },
      "original": {
        "owner": "nix-community",
        "ref": "release-24.11",
        "repo": "home-manager",
        "type": "github"
      }
    },
    "hyprcursor": {
      "inputs": {
        "hyprlang": [
          "hyprland",
          "hyprlang"
        ],
        "nixpkgs": [
          "hyprland",
          "nixpkgs"
        ],
        "systems": [
          "hyprland",
          "systems"
        ]
      },
      "locked": {
        "lastModified": 1738664950,
        "narHash": "sha256-xIeGNM+iivwVHkv9tHwOqoUP5dDrtees34bbFKKMZYs=",
        "owner": "hyprwm",
        "repo": "hyprcursor",
        "rev": "7c6d165e1eb9045a996551eb9f121b6d1b30adc3",
        "type": "github"
      },
      "original": {
        "owner": "hyprwm",
        "repo": "hyprcursor",
        "type": "github"
      }
    },
    "hyprgraphics": {
      "inputs": {
        "hyprutils": [
          "hyprland",
          "hyprutils"
        ],
        "nixpkgs": [
          "hyprland",
          "nixpkgs"
        ],
        "systems": [
          "hyprland",
          "systems"
        ]
      },
      "locked": {
        "lastModified": 1739049071,
        "narHash": "sha256-3+7TpXMrbsUXSwgr5VAKAnmkzMb6JO+Rvc9XRb5NMg4=",
        "owner": "hyprwm",
        "repo": "hyprgraphics",
        "rev": "175c6b29b6ff82100539e7c4363a35a02c74dd73",
        "type": "github"
      },
      "original": {
        "owner": "hyprwm",
        "repo": "hyprgraphics",
        "type": "github"
      }
    },
    "hyprgrass": {
      "inputs": {
        "hyprland": [
          "hyprland"
        ]
      },
      "locked": {
        "lastModified": 1741008259,
        "narHash": "sha256-gXZ4CvL1cpkSA1/dJSjfeyTspRF8B+n1IPbs1LzVQAw=",
        "owner": "horriblename",
        "repo": "hyprgrass",
        "rev": "e59bc280b71be8c45638806f3123fc36834435bc",
        "type": "github"
      },
      "original": {
        "owner": "horriblename",
        "repo": "hyprgrass",
        "type": "github"
      }
    },
    "hyprland": {
      "inputs": {
        "aquamarine": "aquamarine",
        "hyprcursor": "hyprcursor",
        "hyprgraphics": "hyprgraphics",
        "hyprland-protocols": "hyprland-protocols",
        "hyprland-qtutils": "hyprland-qtutils",
        "hyprlang": "hyprlang",
        "hyprutils": "hyprutils",
        "hyprwayland-scanner": "hyprwayland-scanner",
        "nixpkgs": "nixpkgs",
        "pre-commit-hooks": "pre-commit-hooks",
        "systems": "systems_2",
        "xdph": "xdph"
      },
      "locked": {
        "lastModified": 1741298937,
        "narHash": "sha256-kZuqcoVaP+e0wRS2z9y64DXYJYDOputA0BmOlfzj3LY=",
        "owner": "hyprwm",
        "repo": "Hyprland",
        "rev": "7753e8ea686ba0aeaa825502f27e5b3f813faade",
        "type": "github"
      },
      "original": {
        "owner": "hyprwm",
        "repo": "Hyprland",
        "type": "github"
      }
    },
    "hyprland-plugins": {
      "inputs": {
        "hyprland": [
          "hyprland"
        ],
        "nixpkgs": [
          "hyprland-plugins",
          "hyprland",
          "nixpkgs"
        ],
        "systems": [
          "hyprland-plugins",
          "hyprland",
          "systems"
        ]
      },
      "locked": {
        "lastModified": 1738966025,
        "narHash": "sha256-MzgrF0jKlTNnNS33D8PwI5z2MJ1Tzf5MQVf/oms2pdw=",
        "owner": "hyprwm",
        "repo": "hyprland-plugins",
        "rev": "4f48dbe12f3cbbeb4d31c91c67b21edbc5b4b451",
        "type": "github"
      },
      "original": {
        "owner": "hyprwm",
        "repo": "hyprland-plugins",
        "type": "github"
      }
    },
    "hyprland-protocols": {
      "inputs": {
        "nixpkgs": [
          "hyprland",
          "nixpkgs"
        ],
        "systems": [
          "hyprland",
          "systems"
        ]
      },
      "locked": {
        "lastModified": 1738422629,
        "narHash": "sha256-5v+bv75wJWvahyM2xcMTSNNxmV8a7hb01Eey5zYnBJw=",
        "owner": "hyprwm",
        "repo": "hyprland-protocols",
        "rev": "755aef8dab49d0fc4663c715fa4ad221b2aedaed",
        "type": "github"
      },
      "original": {
        "owner": "hyprwm",
        "repo": "hyprland-protocols",
        "type": "github"
      }
    },
    "hyprland-qt-support": {
      "inputs": {
        "hyprlang": [
          "hyprland",
          "hyprland-qtutils",
          "hyprlang"
        ],
        "nixpkgs": [
          "hyprland",
          "hyprland-qtutils",
          "nixpkgs"
        ],
        "systems": [
          "hyprland",
          "hyprland-qtutils",
          "systems"
        ]
      },
      "locked": {
        "lastModified": 1737634706,
        "narHash": "sha256-nGCibkfsXz7ARx5R+SnisRtMq21IQIhazp6viBU8I/A=",
        "owner": "hyprwm",
        "repo": "hyprland-qt-support",
        "rev": "8810df502cdee755993cb803eba7b23f189db795",
        "type": "github"
      },
      "original": {
        "owner": "hyprwm",
        "repo": "hyprland-qt-support",
        "type": "github"
      }
    },
    "hyprland-qt-support_2": {
      "inputs": {
        "hyprlang": "hyprlang_2",
        "nixpkgs": [
          "hyprsysteminfo",
          "nixpkgs"
        ],
        "systems": [
          "hyprsysteminfo",
          "systems"
        ]
      },
      "locked": {
        "lastModified": 1737634706,
        "narHash": "sha256-nGCibkfsXz7ARx5R+SnisRtMq21IQIhazp6viBU8I/A=",
        "owner": "hyprwm",
        "repo": "hyprland-qt-support",
        "rev": "8810df502cdee755993cb803eba7b23f189db795",
        "type": "github"
      },
      "original": {
        "owner": "hyprwm",
        "repo": "hyprland-qt-support",
        "type": "github"
      }
    },
    "hyprland-qtutils": {
      "inputs": {
        "hyprland-qt-support": "hyprland-qt-support",
        "hyprlang": [
          "hyprland",
          "hyprlang"
        ],
        "hyprutils": [
          "hyprland",
          "hyprland-qtutils",
          "hyprlang",
          "hyprutils"
        ],
        "nixpkgs": [
          "hyprland",
          "nixpkgs"
        ],
        "systems": [
          "hyprland",
          "systems"
        ]
      },
      "locked": {
        "lastModified": 1739048983,
        "narHash": "sha256-REhTcXq4qs3B3cCDtLlYDz0GZvmsBSh947Ub6pQWGTQ=",
        "owner": "hyprwm",
        "repo": "hyprland-qtutils",
        "rev": "3504a293c8f8db4127cb0f7cfc1a318ffb4316f8",
        "type": "github"
      },
      "original": {
        "owner": "hyprwm",
        "repo": "hyprland-qtutils",
        "type": "github"
      }
    },
    "hyprlang": {
      "inputs": {
        "hyprutils": [
          "hyprland",
          "hyprutils"
        ],
        "nixpkgs": [
          "hyprland",
          "nixpkgs"
        ],
        "systems": [
          "hyprland",
          "systems"
        ]
      },
      "locked": {
        "lastModified": 1739048914,
        "narHash": "sha256-vd5rJBTmp2w7SDgfv23Zcd84ktI5eDA7e5UBzx+pKrU=",
        "owner": "hyprwm",
        "repo": "hyprlang",
        "rev": "a7334904d591f38757c46fbe2ab68651877d9099",
        "type": "github"
      },
      "original": {
        "owner": "hyprwm",
        "repo": "hyprlang",
        "type": "github"
      }
    },
    "hyprlang_2": {
      "inputs": {
        "hyprutils": "hyprutils_2",
        "nixpkgs": [
          "hyprsysteminfo",
          "hyprland-qt-support",
          "nixpkgs"
        ],
        "systems": [
          "hyprsysteminfo",
          "hyprland-qt-support",
          "systems"
        ]
      },
      "locked": {
        "lastModified": 1737634606,
        "narHash": "sha256-W7W87Cv6wqZ9PHegI6rH1+ve3zJPiyevMFf0/HwdbCQ=",
        "owner": "hyprwm",
        "repo": "hyprlang",
        "rev": "f41271d35cc0f370d300413d756c2677f386af9d",
        "type": "github"
      },
      "original": {
        "owner": "hyprwm",
        "repo": "hyprlang",
        "type": "github"
      }
    },
    "hyprshell": {
      "inputs": {
        "ags": "ags",
        "matcha": "matcha",
        "matugen": "matugen",
        "nixpkgs": [
          "nixpkgs"
        ]
      },
      "locked": {
        "lastModified": 1736220989,
        "narHash": "sha256-GnO5QM/sWbibW5sFvBAADWvApGaWmsbI5QDSNCSEBcE=",
        "owner": "andre-brandao",
        "repo": "hyprshell",
        "rev": "bb26e6a1f9afa924b3bb4acfbf822e8fed37221e",
        "type": "github"
      },
      "original": {
        "owner": "andre-brandao",
        "repo": "hyprshell",
        "type": "github"
      }
    },
    "hyprsysteminfo": {
      "inputs": {
        "hyprland-qt-support": "hyprland-qt-support_2",
        "hyprutils": "hyprutils_3",
        "nixpkgs": [
          "nixpkgs"
        ],
        "systems": "systems_3"
      },
      "locked": {
        "lastModified": 1739049114,
        "narHash": "sha256-jD9W4OHcn1sJ+xbwNFbGN9heSE6v2v3U+FtGf8Cul6k=",
        "owner": "hyprwm",
        "repo": "hyprsysteminfo",
        "rev": "6769e50fcfcfd56548e9b17b9a02641ab4826e38",
        "type": "github"
      },
      "original": {
        "owner": "hyprwm",
        "repo": "hyprsysteminfo",
        "type": "github"
      }
    },
    "hyprutils": {
      "inputs": {
        "nixpkgs": [
          "hyprland",
          "nixpkgs"
        ],
        "systems": [
          "hyprland",
          "systems"
        ]
      },
      "locked": {
        "lastModified": 1739891528,
        "narHash": "sha256-h8HOCZ/rw2Buzku+GKF77VXxrGjCSOQkLhptiEKMYg0=",
        "owner": "hyprwm",
        "repo": "hyprutils",
        "rev": "61a5382f4b1ab578064d470b1b3d3f0df396b8ba",
        "type": "github"
      },
      "original": {
        "owner": "hyprwm",
        "repo": "hyprutils",
        "type": "github"
      }
    },
    "hyprutils_2": {
      "inputs": {
        "nixpkgs": [
          "hyprsysteminfo",
          "hyprland-qt-support",
          "hyprlang",
          "nixpkgs"
        ],
        "systems": [
          "hyprsysteminfo",
          "hyprland-qt-support",
          "hyprlang",
          "systems"
        ]
      },
      "locked": {
        "lastModified": 1737632363,
        "narHash": "sha256-X9I8POSlHxBVjD0fiX1O2j7U9Zi1+4rIkrsyHP0uHXY=",
        "owner": "hyprwm",
        "repo": "hyprutils",
        "rev": "006620eb29d54ea9086538891404c78563d1bae1",
        "type": "github"
      },
      "original": {
        "owner": "hyprwm",
        "repo": "hyprutils",
        "type": "github"
      }
    },
    "hyprutils_3": {
      "inputs": {
        "nixpkgs": [
          "hyprsysteminfo",
          "nixpkgs"
        ],
        "systems": [
          "hyprsysteminfo",
          "systems"
        ]
      },
      "locked": {
        "lastModified": 1737632363,
        "narHash": "sha256-X9I8POSlHxBVjD0fiX1O2j7U9Zi1+4rIkrsyHP0uHXY=",
        "owner": "hyprwm",
        "repo": "hyprutils",
        "rev": "006620eb29d54ea9086538891404c78563d1bae1",
        "type": "github"
      },
      "original": {
        "owner": "hyprwm",
        "repo": "hyprutils",
        "type": "github"
      }
    },
    "hyprwayland-scanner": {
      "inputs": {
        "nixpkgs": [
          "hyprland",
          "nixpkgs"
        ],
        "systems": [
          "hyprland",
          "systems"
        ]
      },
      "locked": {
        "lastModified": 1739049028,
        "narHash": "sha256-RleJp7LYbr6s+M1xgbmhtBs+fYa3ZdIiF7+QalJ4D1g=",
        "owner": "hyprwm",
        "repo": "hyprwayland-scanner",
        "rev": "04146df74a8d5ec0b579657307be01f1e241125f",
        "type": "github"
      },
      "original": {
        "owner": "hyprwm",
        "repo": "hyprwayland-scanner",
        "type": "github"
      }
    },
    "marble-shell": {
      "inputs": {
        "ags": "ags_2",
        "matcha": "matcha_2",
        "matugen": "matugen_2",
        "nixpkgs": [
          "nixpkgs-unstable"
        ]
      },
      "locked": {
        "lastModified": 1741688157,
        "narHash": "sha256-a/KlkLjK8W/vqPpycBVK1leubZUKHhcAY9080tg77mc=",
        "ref": "dev",
        "rev": "fc5b832c22a1888587c2d301333d8a9dd4cf9f7c",
        "revCount": 34,
        "type": "git",
        "url": "ssh://git@github.com/andre-brandao/marble"
      },
      "original": {
        "ref": "dev",
        "type": "git",
        "url": "ssh://git@github.com/andre-brandao/marble"
      }
    },
    "matcha": {
      "inputs": {
        "nixpkgs": "nixpkgs_2"
      },
      "locked": {
        "lastModified": 1704517827,
        "narHash": "sha256-WhpLwINCuXYxa9y8o4bcFsryvD/VcGi/9VimwJmbobw=",
        "ref": "refs/heads/main",
        "rev": "438da25cacd014b99460de76a59a9fecec04f48a",
        "revCount": 18,
        "type": "git",
        "url": "https://codeberg.org/QuincePie/matcha"
      },
      "original": {
        "type": "git",
        "url": "https://codeberg.org/QuincePie/matcha"
      }
    },
    "matcha_2": {
      "inputs": {
        "nixpkgs": "nixpkgs_4"
      },
      "locked": {
        "lastModified": 1738448307,
        "narHash": "sha256-jRmfa28gVEDyS7We881BJDpr6L1kla0AgpEWjZ04tZo=",
        "ref": "refs/heads/main",
        "rev": "90721110060e6b870839df847601d79f9a7a6461",
        "revCount": 28,
        "type": "git",
        "url": "https://codeberg.org/QuincePie/matcha"
      },
      "original": {
        "type": "git",
        "url": "https://codeberg.org/QuincePie/matcha"
      }
    },
    "matugen": {
      "inputs": {
        "nixpkgs": "nixpkgs_3"
      },
      "locked": {
        "lastModified": 1711657889,
        "narHash": "sha256-4VX7Rt+ftEH8nwg59eT7TsvHYUf8/euUmwh/JLc4rLc=",
        "owner": "InioX",
        "repo": "matugen",
        "rev": "566277529dadc2b149a8bd8b9859ea791ecdef26",
        "type": "github"
      },
      "original": {
        "owner": "InioX",
        "ref": "v2.2.0",
        "repo": "matugen",
        "type": "github"
      }
    },
    "matugen_2": {
      "inputs": {
        "nixpkgs": "nixpkgs_5"
      },
      "locked": {
        "lastModified": 1711657889,
        "narHash": "sha256-4VX7Rt+ftEH8nwg59eT7TsvHYUf8/euUmwh/JLc4rLc=",
        "owner": "InioX",
        "repo": "matugen",
        "rev": "566277529dadc2b149a8bd8b9859ea791ecdef26",
        "type": "github"
      },
      "original": {
        "owner": "InioX",
        "ref": "v2.2.0",
        "repo": "matugen",
        "type": "github"
      }
    },
    "nixos-wsl": {
      "inputs": {
        "flake-compat": "flake-compat_2",
        "nixpkgs": "nixpkgs_6"
      },
      "locked": {
        "lastModified": 1742209789,
        "narHash": "sha256-D3GWoPC7dbF4LSJ5VfskuD6K77Ej4WyTsynJ06eh9kw=",
        "owner": "nix-community",
        "repo": "NixOS-WSL",
        "rev": "bc827c2924c46f2344d3168fd82c6711aaceb610",
        "type": "github"
      },
      "original": {
        "owner": "nix-community",
        "ref": "main",
        "repo": "NixOS-WSL",
        "type": "github"
      }
    },
    "nixpkgs": {
      "locked": {
        "lastModified": 1739020877,
        "narHash": "sha256-mIvECo/NNdJJ/bXjNqIh8yeoSjVLAuDuTUzAo7dzs8Y=",
        "owner": "NixOS",
        "repo": "nixpkgs",
        "rev": "a79cfe0ebd24952b580b1cf08cd906354996d547",
        "type": "github"
      },
      "original": {
        "owner": "NixOS",
        "ref": "nixos-unstable",
        "repo": "nixpkgs",
        "type": "github"
      }
    },
    "nixpkgs-unstable": {
      "locked": {
        "lastModified": 1741246872,
        "narHash": "sha256-Q6pMP4a9ed636qilcYX8XUguvKl/0/LGXhHcRI91p0U=",
        "owner": "NixOS",
        "repo": "nixpkgs",
        "rev": "10069ef4cf863633f57238f179a0297de84bd8d3",
        "type": "github"
      },
      "original": {
        "owner": "NixOS",
        "ref": "nixos-unstable",
        "repo": "nixpkgs",
        "type": "github"
      }
    },
    "nixpkgs_2": {
      "locked": {
        "lastModified": 1689679375,
        "narHash": "sha256-LHUC52WvyVDi9PwyL1QCpaxYWBqp4ir4iL6zgOkmcb8=",
        "owner": "NixOS",
        "repo": "nixpkgs",
        "rev": "684c17c429c42515bafb3ad775d2a710947f3d67",
        "type": "github"
      },
      "original": {
        "owner": "NixOS",
        "ref": "nixos-unstable",
        "repo": "nixpkgs",
        "type": "github"
      }
    },
    "nixpkgs_3": {
      "locked": {
        "lastModified": 1691186842,
        "narHash": "sha256-wxBVCvZUwq+XS4N4t9NqsHV4E64cPVqQ2fdDISpjcw0=",
        "owner": "nixos",
        "repo": "nixpkgs",
        "rev": "18036c0be90f4e308ae3ebcab0e14aae0336fe42",
        "type": "github"
      },
      "original": {
        "owner": "nixos",
        "ref": "nixos-unstable",
        "repo": "nixpkgs",
        "type": "github"
      }
    },
    "nixpkgs_4": {
      "locked": {
        "lastModified": 1731531548,
        "narHash": "sha256-sz8/v17enkYmfpgeeuyzniGJU0QQBfmAjlemAUYhfy8=",
        "owner": "NixOS",
        "repo": "nixpkgs",
        "rev": "24f0d4acd634792badd6470134c387a3b039dace",
        "type": "github"
      },
      "original": {
        "owner": "NixOS",
        "ref": "nixpkgs-unstable",
        "repo": "nixpkgs",
        "type": "github"
      }
    },
    "nixpkgs_5": {
      "locked": {
        "lastModified": 1691186842,
        "narHash": "sha256-wxBVCvZUwq+XS4N4t9NqsHV4E64cPVqQ2fdDISpjcw0=",
        "owner": "nixos",
        "repo": "nixpkgs",
        "rev": "18036c0be90f4e308ae3ebcab0e14aae0336fe42",
        "type": "github"
      },
      "original": {
        "owner": "nixos",
        "ref": "nixos-unstable",
        "repo": "nixpkgs",
        "type": "github"
      }
    },
    "nixpkgs_6": {
      "locked": {
        "lastModified": 1740865531,
        "narHash": "sha256-h00vGIh/jxcGl8aWdfnVRD74KuLpyY3mZgMFMy7iKIc=",
        "owner": "NixOS",
        "repo": "nixpkgs",
        "rev": "5ef6c425980847c78a80d759abc476e941a9bf42",
        "type": "github"
      },
      "original": {
        "owner": "NixOS",
        "ref": "nixos-24.11",
        "repo": "nixpkgs",
        "type": "github"
      }
    },
    "nixpkgs_7": {
      "locked": {
        "lastModified": 1741196730,
        "narHash": "sha256-0Sj6ZKjCpQMfWnN0NURqRCQn2ob7YtXTAOTwCuz7fkA=",
        "owner": "nixos",
        "repo": "nixpkgs",
        "rev": "48913d8f9127ea6530a2a2f1bd4daa1b8685d8a3",
        "type": "github"
      },
      "original": {
        "owner": "nixos",
        "ref": "nixos-24.11",
        "repo": "nixpkgs",
        "type": "github"
      }
    },
    "nixpkgs_8": {
      "locked": {
        "lastModified": 1740339700,
        "narHash": "sha256-cbrw7EgQhcdFnu6iS3vane53bEagZQy/xyIkDWpCgVE=",
        "owner": "NixOS",
        "repo": "nixpkgs",
        "rev": "04ef94c4c1582fd485bbfdb8c4a8ba250e359195",
        "type": "github"
      },
      "original": {
        "owner": "NixOS",
        "ref": "nixos-24.11",
        "repo": "nixpkgs",
        "type": "github"
      }
    },
    "nixpkgs_9": {
      "locked": {
        "lastModified": 1735471104,
        "narHash": "sha256-0q9NGQySwDQc7RhAV2ukfnu7Gxa5/ybJ2ANT8DQrQrs=",
        "owner": "nixos",
        "repo": "nixpkgs",
        "rev": "88195a94f390381c6afcdaa933c2f6ff93959cb4",
        "type": "github"
      },
      "original": {
        "owner": "nixos",
        "ref": "nixos-unstable",
        "repo": "nixpkgs",
        "type": "github"
      }
    },
    "pre-commit-hooks": {
      "inputs": {
        "flake-compat": "flake-compat",
        "gitignore": "gitignore",
        "nixpkgs": [
          "hyprland",
          "nixpkgs"
        ]
      },
      "locked": {
        "lastModified": 1737465171,
        "narHash": "sha256-R10v2hoJRLq8jcL4syVFag7nIGE7m13qO48wRIukWNg=",
        "owner": "cachix",
        "repo": "git-hooks.nix",
        "rev": "9364dc02281ce2d37a1f55b6e51f7c0f65a75f17",
        "type": "github"
      },
      "original": {
        "owner": "cachix",
        "repo": "git-hooks.nix",
        "type": "github"
      }
    },
    "root": {
      "inputs": {
        "Hyprspace": "Hyprspace",
        "color-schemes": "color-schemes",
        "home-manager": "home-manager",
        "hyprgrass": "hyprgrass",
        "hyprland": "hyprland",
        "hyprland-plugins": "hyprland-plugins",
        "hyprshell": "hyprshell",
        "hyprsysteminfo": "hyprsysteminfo",
        "marble-shell": "marble-shell",
        "nixos-wsl": "nixos-wsl",
        "nixpkgs": "nixpkgs_7",
        "nixpkgs-unstable": "nixpkgs-unstable",
        "spicetify": "spicetify",
        "stylix": "stylix",
        "wallpapers": "wallpapers",
        "zen-browser": "zen-browser"
      }
    },
    "spicetify": {
      "inputs": {
        "nixpkgs": [
          "nixpkgs"
        ],
        "systems": "systems_4"
      },
      "locked": {
        "lastModified": 1740889006,
        "narHash": "sha256-A1iyKVvZrLdLwqWPC9OvPjC85ADQn2R1EGfCzJBl+wI=",
        "owner": "Gerg-L",
        "repo": "spicetify-nix",
        "rev": "f8d3757d4ae3af2175a631fb9598a42d30ee75fc",
        "type": "github"
      },
      "original": {
        "owner": "Gerg-L",
        "repo": "spicetify-nix",
        "type": "github"
      }
    },
    "stylix": {
      "inputs": {
        "base16": "base16",
        "base16-fish": "base16-fish",
        "base16-helix": "base16-helix",
        "base16-vim": "base16-vim",
        "firefox-gnome-theme": "firefox-gnome-theme",
        "flake-compat": "flake-compat_3",
        "flake-utils": "flake-utils",
        "git-hooks": "git-hooks",
        "gnome-shell": "gnome-shell",
        "home-manager": "home-manager_2",
        "nixpkgs": "nixpkgs_8",
        "systems": "systems_5",
        "tinted-foot": "tinted-foot",
        "tinted-kitty": "tinted-kitty",
        "tinted-tmux": "tinted-tmux"
      },
      "locked": {
        "lastModified": 1740520580,
        "narHash": "sha256-QRlcA8rtfNdyKpBE+ptjiB9717Tzum4/sKBSbsyqL6k=",
        "owner": "danth",
        "repo": "stylix",
        "rev": "aaa2eb8956770c096f9c46fb163bb26602e20e56",
        "type": "github"
      },
      "original": {
        "owner": "danth",
        "ref": "release-24.11",
        "repo": "stylix",
        "type": "github"
      }
    },
    "systems": {
      "locked": {
        "lastModified": 1689347949,
        "narHash": "sha256-12tWmuL2zgBgZkdoB6qXZsgJEH9LR3oUgpaQq2RbI80=",
        "owner": "nix-systems",
        "repo": "default-linux",
        "rev": "31732fcf5e8fea42e59c2488ad31a0e651500f68",
        "type": "github"
      },
      "original": {
        "owner": "nix-systems",
        "repo": "default-linux",
        "type": "github"
      }
    },
    "systems_2": {
      "locked": {
        "lastModified": 1689347949,
        "narHash": "sha256-12tWmuL2zgBgZkdoB6qXZsgJEH9LR3oUgpaQq2RbI80=",
        "owner": "nix-systems",
        "repo": "default-linux",
        "rev": "31732fcf5e8fea42e59c2488ad31a0e651500f68",
        "type": "github"
      },
      "original": {
        "owner": "nix-systems",
        "repo": "default-linux",
        "type": "github"
      }
    },
    "systems_3": {
      "locked": {
        "lastModified": 1689347949,
        "narHash": "sha256-12tWmuL2zgBgZkdoB6qXZsgJEH9LR3oUgpaQq2RbI80=",
        "owner": "nix-systems",
        "repo": "default-linux",
        "rev": "31732fcf5e8fea42e59c2488ad31a0e651500f68",
        "type": "github"
      },
      "original": {
        "owner": "nix-systems",
        "repo": "default-linux",
        "type": "github"
      }
    },
    "systems_4": {
      "locked": {
        "lastModified": 1681028828,
        "narHash": "sha256-Vy1rq5AaRuLzOxct8nz4T6wlgyUR7zLU309k9mBC768=",
        "owner": "nix-systems",
        "repo": "default",
        "rev": "da67096a3b9bf56a91d16901293e51ba5b49a27e",
        "type": "github"
      },
      "original": {
        "owner": "nix-systems",
        "repo": "default",
        "type": "github"
      }
    },
    "systems_5": {
      "locked": {
        "lastModified": 1681028828,
        "narHash": "sha256-Vy1rq5AaRuLzOxct8nz4T6wlgyUR7zLU309k9mBC768=",
        "owner": "nix-systems",
        "repo": "default",
        "rev": "da67096a3b9bf56a91d16901293e51ba5b49a27e",
        "type": "github"
      },
      "original": {
        "owner": "nix-systems",
        "repo": "default",
        "type": "github"
      }
    },
    "tinted-foot": {
      "flake": false,
      "locked": {
        "lastModified": 1726913040,
        "narHash": "sha256-+eDZPkw7efMNUf3/Pv0EmsidqdwNJ1TaOum6k7lngDQ=",
        "owner": "tinted-theming",
        "repo": "tinted-foot",
        "rev": "fd1b924b6c45c3e4465e8a849e67ea82933fcbe4",
        "type": "github"
      },
      "original": {
        "owner": "tinted-theming",
        "repo": "tinted-foot",
        "rev": "fd1b924b6c45c3e4465e8a849e67ea82933fcbe4",
        "type": "github"
      }
    },
    "tinted-kitty": {
      "flake": false,
      "locked": {
        "lastModified": 1716423189,
        "narHash": "sha256-2xF3sH7UIwegn+2gKzMpFi3pk5DlIlM18+vj17Uf82U=",
        "owner": "tinted-theming",
        "repo": "tinted-kitty",
        "rev": "eb39e141db14baef052893285df9f266df041ff8",
        "type": "github"
      },
      "original": {
        "owner": "tinted-theming",
        "repo": "tinted-kitty",
        "rev": "eb39e141db14baef052893285df9f266df041ff8",
        "type": "github"
      }
    },
    "tinted-tmux": {
      "flake": false,
      "locked": {
        "lastModified": 1740272597,
        "narHash": "sha256-/etfUV3HzAaLW3RSJVwUaW8ULbMn3v6wbTlXSKbcoWQ=",
        "owner": "tinted-theming",
        "repo": "tinted-tmux",
        "rev": "b6c7f46c8718cc484f2db8b485b06e2a98304cd0",
        "type": "github"
      },
      "original": {
        "owner": "tinted-theming",
        "repo": "tinted-tmux",
        "type": "github"
      }
    },
    "wallpapers": {
      "flake": false,
      "locked": {
        "lastModified": 1740657615,
        "narHash": "sha256-Z9t6AGnRdW0K4rFetW4FF9rvcfBQ+0VDmVvN4WZzb0w=",
        "owner": "andre-brandao",
        "repo": "wallpapers",
        "rev": "cf5e70f56f965ef79ec19507fa2dd8388718ab30",
        "type": "github"
      },
      "original": {
        "owner": "andre-brandao",
        "repo": "wallpapers",
        "type": "github"
      }
    },
    "xdph": {
      "inputs": {
        "hyprland-protocols": [
          "hyprland",
          "hyprland-protocols"
        ],
        "hyprlang": [
          "hyprland",
          "hyprlang"
        ],
        "hyprutils": [
          "hyprland",
          "hyprutils"
        ],
        "hyprwayland-scanner": [
          "hyprland",
          "hyprwayland-scanner"
        ],
        "nixpkgs": [
          "hyprland",
          "nixpkgs"
        ],
        "systems": [
          "hyprland",
          "systems"
        ]
      },
      "locked": {
        "lastModified": 1737634991,
        "narHash": "sha256-dBAnb7Kbnier30cA7AgxVSxxARmxKZ1vHZT33THSIr8=",
        "owner": "hyprwm",
        "repo": "xdg-desktop-portal-hyprland",
        "rev": "e09dfe2726c8008f983e45a0aa1a3b7416aaeb8a",
        "type": "github"
      },
      "original": {
        "owner": "hyprwm",
        "repo": "xdg-desktop-portal-hyprland",
        "type": "github"
      }
    },
    "zen-browser": {
      "inputs": {
        "nixpkgs": "nixpkgs_9"
      },
      "locked": {
        "lastModified": 1741554872,
        "narHash": "sha256-A/Iim9o0hHJjDJVynwtLzkox7NquvPc8CsJ/8OB4dDw=",
        "owner": "0xc000022070",
        "repo": "zen-browser-flake",
        "rev": "a4408170c5a2168bb79abcf587c5072e2ee5fb90",
        "type": "github"
      },
      "original": {
        "owner": "0xc000022070",
        "repo": "zen-browser-flake",
        "type": "github"
      }
    }
  },
  "root": "root",
  "version": 7
}
